
Microsoft Visual Studio Solution File, Format Version 12.00
# Visual Studio 15
VisualStudioVersion = 15.0.27703.2035
MinimumVisualStudioVersion = 10.0.40219.1
Project("{9A19103F-16F7-4668-BE54-9A1E7A4F7556}") = "JandJCommerce", "JandJCommerce\JandJCommerce.csproj", "{B01BDB43-6AF1-47B9-B0D6-43B573843306}"
EndProject
Global
	GlobalSection(SolutionConfigurationPlatforms) = preSolution
		Debug|Any CPU = Debug|Any CPU
		Release|Any CPU = Release|Any CPU
	EndGlobalSection
	GlobalSection(ProjectConfigurationPlatforms) = postSolution
		{B01BDB43-6AF1-47B9-B0D6-43B573843306}.Debug|Any CPU.ActiveCfg = Debug|Any CPU
		{B01BDB43-6AF1-47B9-B0D6-43B573843306}.Debug|Any CPU.Build.0 = Debug|Any CPU
		{B01BDB43-6AF1-47B9-B0D6-43B573843306}.Release|Any CPU.ActiveCfg = Release|Any CPU
		{B01BDB43-6AF1-47B9-B0D6-43B573843306}.Release|Any CPU.Build.0 = Release|Any CPU
	EndGlobalSection
	GlobalSection(SolutionProperties) = preSolution
		HideSolutionNode = FALSE
	EndGlobalSection
	GlobalSection(ExtensibilityGlobals) = postSolution
		SolutionGuid = {56EA768D-C5EE-49FF-85AE-CAFC3BE84A97}
	EndGlobalSection
EndGlobal
